
Microsoft Visual Studio Solution File, Format Version 12.00
# Visual Studio Version 17
VisualStudioVersion = 17.1.32228.430
MinimumVisualStudioVersion = 10.0.40219.1
Project("{9A19103F-16F7-4668-BE54-9A1E7A4F7556}") = "projectB", "projectB\projectB.csproj", "{2C5EC7A4-CBF9-45E1-9C95-EA15AE57FA7E}"
EndProject
Project("{FAE04EC0-301F-11D3-BF4B-00C04F79EFBC}") = "projectB.Tests", "projectB.Tests\projectB.Tests.csproj", "{DB2568E8-A99A-498D-B21C-151D55F8E6C2}"
EndProject
Global
	GlobalSection(SolutionConfigurationPlatforms) = preSolution
		Debug|Any CPU = Debug|Any CPU
		Release|Any CPU = Release|Any CPU
	EndGlobalSection
	GlobalSection(ProjectConfigurationPlatforms) = postSolution
		{2C5EC7A4-CBF9-45E1-9C95-EA15AE57FA7E}.Debug|Any CPU.ActiveCfg = Debug|Any CPU
		{2C5EC7A4-CBF9-45E1-9C95-EA15AE57FA7E}.Debug|Any CPU.Build.0 = Debug|Any CPU
		{2C5EC7A4-CBF9-45E1-9C95-EA15AE57FA7E}.Release|Any CPU.ActiveCfg = Release|Any CPU
		{2C5EC7A4-CBF9-45E1-9C95-EA15AE57FA7E}.Release|Any CPU.Build.0 = Release|Any CPU
		{DB2568E8-A99A-498D-B21C-151D55F8E6C2}.Debug|Any CPU.ActiveCfg = Debug|Any CPU
		{DB2568E8-A99A-498D-B21C-151D55F8E6C2}.Debug|Any CPU.Build.0 = Debug|Any CPU
		{DB2568E8-A99A-498D-B21C-151D55F8E6C2}.Release|Any CPU.ActiveCfg = Release|Any CPU
		{DB2568E8-A99A-498D-B21C-151D55F8E6C2}.Release|Any CPU.Build.0 = Release|Any CPU
	EndGlobalSection
	GlobalSection(SolutionProperties) = preSolution
		HideSolutionNode = FALSE
	EndGlobalSection
	GlobalSection(ExtensibilityGlobals) = postSolution
		SolutionGuid = {46266613-083D-4D13-8255-A76C68E1D7FF}
	EndGlobalSection
EndGlobal
